
Microsoft Visual Studio Solution File, Format Version 12.00
# Visual Studio Version 16
VisualStudioVersion = 16.0.31229.75
MinimumVisualStudioVersion = 10.0.40219.1
Project("{FAE04EC0-301F-11D3-BF4B-00C04F79EFBC}") = "WebApiDemo1", "WebApiDemo1\WebApiDemo1.csproj", "{BB2971EE-A350-4057-97BC-8075F4AFA745}"
EndProject
Global
	GlobalSection(SolutionConfigurationPlatforms) = preSolution
		Debug|Any CPU = Debug|Any CPU
		Release|Any CPU = Release|Any CPU
	EndGlobalSection
	GlobalSection(ProjectConfigurationPlatforms) = postSolution
		{BB2971EE-A350-4057-97BC-8075F4AFA745}.Debug|Any CPU.ActiveCfg = Debug|Any CPU
		{BB2971EE-A350-4057-97BC-8075F4AFA745}.Debug|Any CPU.Build.0 = Debug|Any CPU
		{BB2971EE-A350-4057-97BC-8075F4AFA745}.Release|Any CPU.ActiveCfg = Release|Any CPU
		{BB2971EE-A350-4057-97BC-8075F4AFA745}.Release|Any CPU.Build.0 = Release|Any CPU
	EndGlobalSection
	GlobalSection(SolutionProperties) = preSolution
		HideSolutionNode = FALSE
	EndGlobalSection
	GlobalSection(ExtensibilityGlobals) = postSolution
		SolutionGuid = {13ED1559-8EE9-4C9D-A495-B73074857506}
	EndGlobalSection
EndGlobal
